
Microsoft Visual Studio Solution File, Format Version 12.00
# Visual Studio Version 17
VisualStudioVersion = 17.5.002.0
MinimumVisualStudioVersion = 10.0.40219.1
Project("{9A19103F-16F7-4668-BE54-9A1E7A4F7556}") = "MyMicroservice", "MyMicroservice.csproj", "{638CCBC2-C218-49A2-9DE4-65A9AF57E7DD}"
EndProject
Global
	GlobalSection(SolutionConfigurationPlatforms) = preSolution
		Debug|Any CPU = Debug|Any CPU
		Release|Any CPU = Release|Any CPU
	EndGlobalSection
	GlobalSection(ProjectConfigurationPlatforms) = postSolution
		{638CCBC2-C218-49A2-9DE4-65A9AF57E7DD}.Debug|Any CPU.ActiveCfg = Debug|Any CPU
		{638CCBC2-C218-49A2-9DE4-65A9AF57E7DD}.Debug|Any CPU.Build.0 = Debug|Any CPU
		{638CCBC2-C218-49A2-9DE4-65A9AF57E7DD}.Release|Any CPU.ActiveCfg = Release|Any CPU
		{638CCBC2-C218-49A2-9DE4-65A9AF57E7DD}.Release|Any CPU.Build.0 = Release|Any CPU
	EndGlobalSection
	GlobalSection(SolutionProperties) = preSolution
		HideSolutionNode = FALSE
	EndGlobalSection
	GlobalSection(ExtensibilityGlobals) = postSolution
		SolutionGuid = {64799919-D264-4B49-9D81-41E3E92D9BAB}
	EndGlobalSection
EndGlobal
